// !$*UTF8*$!
{
	archiveVersion = 1;
	classes = {
	};
	objectVersion = 46;
	objects = {

/* Begin PBXBuildFile section */
		CB6F31B61DE4A6EF00B9703C /* CreditsViewController.swift in Sources */ = {isa = PBXBuildFile; fileRef = CB6F31B51DE4A6EF00B9703C /* CreditsViewController.swift */; };
		CB80343E1D49A0F200CBBC79 /* AppDelegate.swift in Sources */ = {isa = PBXBuildFile; fileRef = CB80343D1D49A0F200CBBC79 /* AppDelegate.swift */; };
		CB8034401D49A0F200CBBC79 /* FlashViewController.swift in Sources */ = {isa = PBXBuildFile; fileRef = CB80343F1D49A0F200CBBC79 /* FlashViewController.swift */; };
		CB8034431D49A0F200CBBC79 /* Main.storyboard in Resources */ = {isa = PBXBuildFile; fileRef = CB8034411D49A0F200CBBC79 /* Main.storyboard */; };
		CB8034451D49A0F200CBBC79 /* Assets.xcassets in Resources */ = {isa = PBXBuildFile; fileRef = CB8034441D49A0F200CBBC79 /* Assets.xcassets */; };
		CB8034481D49A0F200CBBC79 /* LaunchScreen.storyboard in Resources */ = {isa = PBXBuildFile; fileRef = CB8034461D49A0F200CBBC79 /* LaunchScreen.storyboard */; };
		CB876EC81D6C6A2700C31E39 /* EditorViewController.swift in Sources */ = {isa = PBXBuildFile; fileRef = CB876EC71D6C6A2700C31E39 /* EditorViewController.swift */; };
		CB93F26D1D5907BB003A4122 /* GUIColorModel.swift in Sources */ = {isa = PBXBuildFile; fileRef = CB93F26C1D5907BB003A4122 /* GUIColorModel.swift */; };
		CBA486791D6361FF00DF2147 /* IncoherentBabbling.md in Sources */ = {isa = PBXBuildFile; fileRef = CBA486781D6361FF00DF2147 /* IncoherentBabbling.md */; };
		CBA56CA51DCFF3DD004E6406 /* flashycards.plist in Resources */ = {isa = PBXBuildFile; fileRef = CBA56CA41DCFF3DD004E6406 /* flashycards.plist */; };
		CBBD352B1D4FFFDF001F9F16 /* FlashcardModel.swift in Sources */ = {isa = PBXBuildFile; fileRef = CBBD352A1D4FFFDF001F9F16 /* FlashcardModel.swift */; };
		CBBFA8591D7EEC560070CDB5 /* SaveModel.swift in Sources */ = {isa = PBXBuildFile; fileRef = CBBFA8581D7EEC560070CDB5 /* SaveModel.swift */; };
		CBFF9B391D6B1EF300975E9F /* MenuViewController.swift in Sources */ = {isa = PBXBuildFile; fileRef = CBFF9B381D6B1EF300975E9F /* MenuViewController.swift */; };
		CBFF9B3B1D6B1F7300975E9F /* GeneralModel.swift in Sources */ = {isa = PBXBuildFile; fileRef = CBFF9B3A1D6B1F7300975E9F /* GeneralModel.swift */; };
		CBFF9B3D1D6B2A5F00975E9F /* PreferenceViewController.swift in Sources */ = {isa = PBXBuildFile; fileRef = CBFF9B3C1D6B2A5F00975E9F /* PreferenceViewController.swift */; };
/* End PBXBuildFile section */

/* Begin PBXFileReference section */
		CB6D95131D5152F8009F504B /* seeWhatSticks.playground */ = {isa = PBXFileReference; lastKnownFileType = file.playground; path = seeWhatSticks.playground; sourceTree = "<group>"; };
		CB6F31B51DE4A6EF00B9703C /* CreditsViewController.swift */ = {isa = PBXFileReference; fileEncoding = 4; lastKnownFileType = sourcecode.swift; path = CreditsViewController.swift; sourceTree = "<group>"; };
		CB80343A1D49A0F200CBBC79 /* Flashy.app */ = {isa = PBXFileReference; explicitFileType = wrapper.application; includeInIndex = 0; path = Flashy.app; sourceTree = BUILT_PRODUCTS_DIR; };
		CB80343D1D49A0F200CBBC79 /* AppDelegate.swift */ = {isa = PBXFileReference; lastKnownFileType = sourcecode.swift; path = AppDelegate.swift; sourceTree = "<group>"; };
		CB80343F1D49A0F200CBBC79 /* FlashViewController.swift */ = {isa = PBXFileReference; lastKnownFileType = sourcecode.swift; path = FlashViewController.swift; sourceTree = "<group>"; };
		CB8034421D49A0F200CBBC79 /* Base */ = {isa = PBXFileReference; lastKnownFileType = file.storyboard; name = Base; path = Base.lproj/Main.storyboard; sourceTree = "<group>"; };
		CB8034441D49A0F200CBBC79 /* Assets.xcassets */ = {isa = PBXFileReference; lastKnownFileType = folder.assetcatalog; path = Assets.xcassets; sourceTree = "<group>"; };
		CB8034471D49A0F200CBBC79 /* Base */ = {isa = PBXFileReference; lastKnownFileType = file.storyboard; name = Base; path = Base.lproj/LaunchScreen.storyboard; sourceTree = "<group>"; };
		CB8034491D49A0F200CBBC79 /* Info.plist */ = {isa = PBXFileReference; lastKnownFileType = text.plist.xml; path = Info.plist; sourceTree = "<group>"; };
		CB876EC71D6C6A2700C31E39 /* EditorViewController.swift */ = {isa = PBXFileReference; fileEncoding = 4; lastKnownFileType = sourcecode.swift; path = EditorViewController.swift; sourceTree = "<group>"; usesTabs = 1; };
		CB93F26C1D5907BB003A4122 /* GUIColorModel.swift */ = {isa = PBXFileReference; fileEncoding = 4; lastKnownFileType = sourcecode.swift; path = GUIColorModel.swift; sourceTree = "<group>"; };
		CBA486781D6361FF00DF2147 /* IncoherentBabbling.md */ = {isa = PBXFileReference; fileEncoding = 4; lastKnownFileType = net.daringfireball.markdown; path = IncoherentBabbling.md; sourceTree = "<group>"; };
		CBA56CA41DCFF3DD004E6406 /* flashycards.plist */ = {isa = PBXFileReference; fileEncoding = 4; lastKnownFileType = text.plist.xml; path = flashycards.plist; sourceTree = "<group>"; };
		CBBD352A1D4FFFDF001F9F16 /* FlashcardModel.swift */ = {isa = PBXFileReference; fileEncoding = 4; lastKnownFileType = sourcecode.swift; path = FlashcardModel.swift; sourceTree = "<group>"; };
		CBBFA8581D7EEC560070CDB5 /* SaveModel.swift */ = {isa = PBXFileReference; fileEncoding = 4; lastKnownFileType = sourcecode.swift; path = SaveModel.swift; sourceTree = "<group>"; };
		CBFF9B381D6B1EF300975E9F /* MenuViewController.swift */ = {isa = PBXFileReference; fileEncoding = 4; lastKnownFileType = sourcecode.swift; path = MenuViewController.swift; sourceTree = "<group>"; };
		CBFF9B3A1D6B1F7300975E9F /* GeneralModel.swift */ = {isa = PBXFileReference; fileEncoding = 4; lastKnownFileType = sourcecode.swift; path = GeneralModel.swift; sourceTree = "<group>"; };
		CBFF9B3C1D6B2A5F00975E9F /* PreferenceViewController.swift */ = {isa = PBXFileReference; fileEncoding = 4; lastKnownFileType = sourcecode.swift; path = PreferenceViewController.swift; sourceTree = "<group>"; };
/* End PBXFileReference section */

/* Begin PBXFrameworksBuildPhase section */
		CB8034371D49A0F200CBBC79 /* Frameworks */ = {
			isa = PBXFrameworksBuildPhase;
			buildActionMask = 2147483647;
			files = (
			);
			runOnlyForDeploymentPostprocessing = 0;
		};
/* End PBXFrameworksBuildPhase section */

/* Begin PBXGroup section */
		CB8034311D49A0F200CBBC79 = {
			isa = PBXGroup;
			children = (
				CB80343C1D49A0F200CBBC79 /* Flashy */,
				CB80343B1D49A0F200CBBC79 /* Products */,
			);
			sourceTree = "<group>";
		};
		CB80343B1D49A0F200CBBC79 /* Products */ = {
			isa = PBXGroup;
			children = (
				CB80343A1D49A0F200CBBC79 /* Flashy.app */,
			);
			name = Products;
			sourceTree = "<group>";
		};
		CB80343C1D49A0F200CBBC79 /* Flashy */ = {
			isa = PBXGroup;
			children = (
				CBA56CA41DCFF3DD004E6406 /* flashycards.plist */,
				CB80343D1D49A0F200CBBC79 /* AppDelegate.swift */,
				CBFF9B381D6B1EF300975E9F /* MenuViewController.swift */,
				CB876EC71D6C6A2700C31E39 /* EditorViewController.swift */,
				CB80343F1D49A0F200CBBC79 /* FlashViewController.swift */,
				CBFF9B3C1D6B2A5F00975E9F /* PreferenceViewController.swift */,
				CB6F31B51DE4A6EF00B9703C /* CreditsViewController.swift */,
				CB8034411D49A0F200CBBC79 /* Main.storyboard */,
				CB8034441D49A0F200CBBC79 /* Assets.xcassets */,
				CBBFA8581D7EEC560070CDB5 /* SaveModel.swift */,
				CBFF9B3A1D6B1F7300975E9F /* GeneralModel.swift */,
				CBBD352A1D4FFFDF001F9F16 /* FlashcardModel.swift */,
				CB93F26C1D5907BB003A4122 /* GUIColorModel.swift */,
				CB8034461D49A0F200CBBC79 /* LaunchScreen.storyboard */,
				CB8034491D49A0F200CBBC79 /* Info.plist */,
				CBA486781D6361FF00DF2147 /* IncoherentBabbling.md */,
				CB6D95131D5152F8009F504B /* seeWhatSticks.playground */,
			);
			path = Flashy;
			sourceTree = "<group>";
		};
/* End PBXGroup section */

/* Begin PBXNativeTarget section */
		CB8034391D49A0F200CBBC79 /* Flashy */ = {
			isa = PBXNativeTarget;
			buildConfigurationList = CB80344C1D49A0F200CBBC79 /* Build configuration list for PBXNativeTarget "Flashy" */;
			buildPhases = (
				CB8034361D49A0F200CBBC79 /* Sources */,
				CB8034371D49A0F200CBBC79 /* Frameworks */,
				CB8034381D49A0F200CBBC79 /* Resources */,
			);
			buildRules = (
			);
			dependencies = (
			);
			name = Flashy;
			productName = Flashy;
			productReference = CB80343A1D49A0F200CBBC79 /* Flashy.app */;
			productType = "com.apple.product-type.application";
		};
/* End PBXNativeTarget section */

/* Begin PBXProject section */
		CB8034321D49A0F200CBBC79 /* Project object */ = {
			isa = PBXProject;
			attributes = {
				LastSwiftUpdateCheck = 0730;
				LastUpgradeCheck = 0810;
				ORGANIZATIONNAME = "HyperChicken Interactive";
				TargetAttributes = {
					CB8034391D49A0F200CBBC79 = {
						CreatedOnToolsVersion = 7.3.1;
						DevelopmentTeam = 7MHSVY828A;
						LastSwiftMigration = 0800;
					};
				};
			};
			buildConfigurationList = CB8034351D49A0F200CBBC79 /* Build configuration list for PBXProject "Flashy" */;
			compatibilityVersion = "Xcode 3.2";
			developmentRegion = English;
			hasScannedForEncodings = 0;
			knownRegions = (
				en,
				Base,
			);
			mainGroup = CB8034311D49A0F200CBBC79;
			productRefGroup = CB80343B1D49A0F200CBBC79 /* Products */;
			projectDirPath = "";
			projectRoot = "";
			targets = (
				CB8034391D49A0F200CBBC79 /* Flashy */,
			);
		};
/* End PBXProject section */

/* Begin PBXResourcesBuildPhase section */
		CB8034381D49A0F200CBBC79 /* Resources */ = {
			isa = PBXResourcesBuildPhase;
			buildActionMask = 2147483647;
			files = (
				CB8034481D49A0F200CBBC79 /* LaunchScreen.storyboard in Resources */,
				CB8034451D49A0F200CBBC79 /* Assets.xcassets in Resources */,
				CB8034431D49A0F200CBBC79 /* Main.storyboard in Resources */,
				CBA56CA51DCFF3DD004E6406 /* flashycards.plist in Resources */,
			);
			runOnlyForDeploymentPostprocessing = 0;
		};
/* End PBXResourcesBuildPhase section */

/* Begin PBXSourcesBuildPhase section */
		CB8034361D49A0F200CBBC79 /* Sources */ = {
			isa = PBXSourcesBuildPhase;
			buildActionMask = 2147483647;
			files = (
				CB93F26D1D5907BB003A4122 /* GUIColorModel.swift in Sources */,
				CB876EC81D6C6A2700C31E39 /* EditorViewController.swift in Sources */,
				CBFF9B391D6B1EF300975E9F /* MenuViewController.swift in Sources */,
				CB6F31B61DE4A6EF00B9703C /* CreditsViewController.swift in Sources */,
				CBBD352B1D4FFFDF001F9F16 /* FlashcardModel.swift in Sources */,
				CBBFA8591D7EEC560070CDB5 /* SaveModel.swift in Sources */,
				CB8034401D49A0F200CBBC79 /* FlashViewController.swift in Sources */,
				CBFF9B3B1D6B1F7300975E9F /* GeneralModel.swift in Sources */,
				CBA486791D6361FF00DF2147 /* IncoherentBabbling.md in Sources */,
				CB80343E1D49A0F200CBBC79 /* AppDelegate.swift in Sources */,
				CBFF9B3D1D6B2A5F00975E9F /* PreferenceViewController.swift in Sources */,
			);
			runOnlyForDeploymentPostprocessing = 0;
		};
/* End PBXSourcesBuildPhase section */

/* Begin PBXVariantGroup section */
		CB8034411D49A0F200CBBC79 /* Main.storyboard */ = {
			isa = PBXVariantGroup;
			children = (
				CB8034421D49A0F200CBBC79 /* Base */,
			);
			name = Main.storyboard;
			sourceTree = "<group>";
		};
		CB8034461D49A0F200CBBC79 /* LaunchScreen.storyboard */ = {
			isa = PBXVariantGroup;
			children = (
				CB8034471D49A0F200CBBC79 /* Base */,
			);
			name = LaunchScreen.storyboard;
			sourceTree = "<group>";
		};
/* End PBXVariantGroup section */

/* Begin XCBuildConfiguration section */
		CB80344A1D49A0F200CBBC79 /* Debug */ = {
			isa = XCBuildConfiguration;
			buildSettings = {
				ALWAYS_SEARCH_USER_PATHS = NO;
				CLANG_ANALYZER_NONNULL = YES;
				CLANG_CXX_LANGUAGE_STANDARD = "gnu++0x";
				CLANG_CXX_LIBRARY = "libc++";
				CLANG_ENABLE_MODULES = YES;
				CLANG_ENABLE_OBJC_ARC = YES;
				CLANG_WARN_BOOL_CONVERSION = YES;
				CLANG_WARN_CONSTANT_CONVERSION = YES;
				CLANG_WARN_DIRECT_OBJC_ISA_USAGE = YES_ERROR;
				CLANG_WARN_EMPTY_BODY = YES;
				CLANG_WARN_ENUM_CONVERSION = YES;
				CLANG_WARN_INFINITE_RECURSION = YES;
				CLANG_WARN_INT_CONVERSION = YES;
				CLANG_WARN_OBJC_ROOT_CLASS = YES_ERROR;
				CLANG_WARN_SUSPICIOUS_MOVE = YES;
				CLANG_WARN_UNREACHABLE_CODE = YES;
				CLANG_WARN__DUPLICATE_METHOD_MATCH = YES;
				"CODE_SIGN_IDENTITY[sdk=iphoneos*]" = "iPhone Developer";
				COPY_PHASE_STRIP = NO;
				DEBUG_INFORMATION_FORMAT = dwarf;
				ENABLE_STRICT_OBJC_MSGSEND = YES;
				ENABLE_TESTABILITY = YES;
				GCC_C_LANGUAGE_STANDARD = gnu99;
				GCC_DYNAMIC_NO_PIC = NO;
				GCC_NO_COMMON_BLOCKS = YES;
				GCC_OPTIMIZATION_LEVEL = 0;
				GCC_PREPROCESSOR_DEFINITIONS = (
					"DEBUG=1",
					"$(inherited)",
				);
				GCC_WARN_64_TO_32_BIT_CONVERSION = YES;
				GCC_WARN_ABOUT_RETURN_TYPE = YES_ERROR;
				GCC_WARN_UNDECLARED_SELECTOR = YES;
				GCC_WARN_UNINITIALIZED_AUTOS = YES_AGGRESSIVE;
				GCC_WARN_UNUSED_FUNCTION = YES;
				GCC_WARN_UNUSED_VARIABLE = YES;
				IPHONEOS_DEPLOYMENT_TARGET = 10.1;
				MTL_ENABLE_DEBUG_INFO = YES;
				ONLY_ACTIVE_ARCH = YES;
				SDKROOT = iphoneos;
				SWIFT_OPTIMIZATION_LEVEL = "-Onone";
				SWIFT_VERSION = 3.0.1;
			};
			name = Debug;
		};
		CB80344B1D49A0F200CBBC79 /* Release */ = {
			isa = XCBuildConfiguration;
			buildSettings = {
				ALWAYS_SEARCH_USER_PATHS = NO;
				CLANG_ANALYZER_NONNULL = YES;
				CLANG_CXX_LANGUAGE_STANDARD = "gnu++0x";
				CLANG_CXX_LIBRARY = "libc++";
				CLANG_ENABLE_MODULES = YES;
				CLANG_ENABLE_OBJC_ARC = YES;
				CLANG_WARN_BOOL_CONVERSION = YES;
				CLANG_WARN_CONSTANT_CONVERSION = YES;
				CLANG_WARN_DIRECT_OBJC_ISA_USAGE = YES_ERROR;
				CLANG_WARN_EMPTY_BODY = YES;
				CLANG_WARN_ENUM_CONVERSION = YES;
				CLANG_WARN_INFINITE_RECURSION = YES;
				CLANG_WARN_INT_CONVERSION = YES;
				CLANG_WARN_OBJC_ROOT_CLASS = YES_ERROR;
				CLANG_WARN_SUSPICIOUS_MOVE = YES;
				CLANG_WARN_UNREACHABLE_CODE = YES;
				CLANG_WARN__DUPLICATE_METHOD_MATCH = YES;
				CODE_SIGN_IDENTITY = "iPhone Developer: whitman.colm@gmail.com (LP9MT8FJWD)";
				"CODE_SIGN_IDENTITY[sdk=iphoneos*]" = "iPhone Developer";
				COPY_PHASE_STRIP = NO;
				DEBUG_INFORMATION_FORMAT = "dwarf-with-dsym";
				ENABLE_NS_ASSERTIONS = NO;
				ENABLE_STRICT_OBJC_MSGSEND = YES;
				GCC_C_LANGUAGE_STANDARD = gnu99;
				GCC_NO_COMMON_BLOCKS = YES;
				GCC_OPTIMIZATION_LEVEL = fast;
				GCC_WARN_64_TO_32_BIT_CONVERSION = YES;
				GCC_WARN_ABOUT_RETURN_TYPE = YES_ERROR;
				GCC_WARN_UNDECLARED_SELECTOR = YES;
				GCC_WARN_UNINITIALIZED_AUTOS = YES_AGGRESSIVE;
				GCC_WARN_UNUSED_FUNCTION = YES;
				GCC_WARN_UNUSED_VARIABLE = YES;
				IPHONEOS_DEPLOYMENT_TARGET = 10.1;
				MTL_ENABLE_DEBUG_INFO = NO;
				SDKROOT = iphoneos;
				SWIFT_OPTIMIZATION_LEVEL = "-Owholemodule";
				SWIFT_VERSION = 3.0.1;
				VALIDATE_PRODUCT = YES;
			};
			name = Release;
		};
		CB80344D1D49A0F200CBBC79 /* Debug */ = {
			isa = XCBuildConfiguration;
			buildSettings = {
				ASSETCATALOG_COMPILER_APPICON_NAME = AppIcon;
				DEVELOPMENT_TEAM = 7MHSVY828A;
				INFOPLIST_FILE = Flashy/Info.plist;
				IPHONEOS_DEPLOYMENT_TARGET = 10.0;
				LD_RUNPATH_SEARCH_PATHS = "$(inherited) @executable_path/Frameworks";
				PRODUCT_BUNDLE_IDENTIFIER = co.hyperchicken.flashy;
				PRODUCT_NAME = "$(TARGET_NAME)";
				SWIFT_VERSION = 3.0;
			};
			name = Debug;
		};
		CB80344E1D49A0F200CBBC79 /* Release */ = {
			isa = XCBuildConfiguration;
			buildSettings = {
				ASSETCATALOG_COMPILER_APPICON_NAME = AppIcon;
				DEVELOPMENT_TEAM = 7MHSVY828A;
				INFOPLIST_FILE = Flashy/Info.plist;
				IPHONEOS_DEPLOYMENT_TARGET = 10.0;
				LD_RUNPATH_SEARCH_PATHS = "$(inherited) @executable_path/Frameworks";
				PRODUCT_BUNDLE_IDENTIFIER = co.hyperchicken.flashy;
				PRODUCT_NAME = "$(TARGET_NAME)";
				SWIFT_VERSION = 3.0;
			};
			name = Release;
		};
/* End XCBuildConfiguration section */

/* Begin XCConfigurationList section */
		CB8034351D49A0F200CBBC79 /* Build configuration list for PBXProject "Flashy" */ = {
			isa = XCConfigurationList;
			buildConfigurations = (
				CB80344A1D49A0F200CBBC79 /* Debug */,
				CB80344B1D49A0F200CBBC79 /* Release */,
			);
			defaultConfigurationIsVisible = 0;
			defaultConfigurationName = Release;
		};
		CB80344C1D49A0F200CBBC79 /* Build configuration list for PBXNativeTarget "Flashy" */ = {
			isa = XCConfigurationList;
			buildConfigurations = (
				CB80344D1D49A0F200CBBC79 /* Debug */,
				CB80344E1D49A0F200CBBC79 /* Release */,
			);
			defaultConfigurationIsVisible = 0;
			defaultConfigurationName = Release;
		};
/* End XCConfigurationList section */
	};
	rootObject = CB8034321D49A0F200CBBC79 /* Project object */;
}
